
Microsoft Visual Studio Solution File, Format Version 12.00
# Visual Studio Version 17
VisualStudioVersion = 17.3.32929.385
MinimumVisualStudioVersion = 10.0.40219.1
Project("{FAE04EC0-301F-11D3-BF4B-00C04F79EFBC}") = "TicTacGameConsole", "TicTacGameConsole.csproj", "{0F3CAE42-FF04-4502-94E7-4D0FDCEF6EC4}"
EndProject
Global
	GlobalSection(SolutionConfigurationPlatforms) = preSolution
		Debug|Any CPU = Debug|Any CPU
		Release|Any CPU = Release|Any CPU
	EndGlobalSection
	GlobalSection(ProjectConfigurationPlatforms) = postSolution
		{0F3CAE42-FF04-4502-94E7-4D0FDCEF6EC4}.Debug|Any CPU.ActiveCfg = Debug|Any CPU
		{0F3CAE42-FF04-4502-94E7-4D0FDCEF6EC4}.Debug|Any CPU.Build.0 = Debug|Any CPU
		{0F3CAE42-FF04-4502-94E7-4D0FDCEF6EC4}.Release|Any CPU.ActiveCfg = Release|Any CPU
		{0F3CAE42-FF04-4502-94E7-4D0FDCEF6EC4}.Release|Any CPU.Build.0 = Release|Any CPU
	EndGlobalSection
	GlobalSection(SolutionProperties) = preSolution
		HideSolutionNode = FALSE
	EndGlobalSection
	GlobalSection(ExtensibilityGlobals) = postSolution
		SolutionGuid = {F14F6A83-211E-4271-B249-19FCC531C4FE}
	EndGlobalSection
EndGlobal
